
Microsoft Visual Studio Solution File, Format Version 12.00
# Visual Studio Version 16
VisualStudioVersion = 16.0.31624.102
MinimumVisualStudioVersion = 10.0.40219.1
Project("{FAE04EC0-301F-11D3-BF4B-00C04F79EFBC}") = "AddressBook", "AddressBook.csproj", "{24B142ED-C4FC-4710-AFE5-DF889282AEA2}"
EndProject
Global
	GlobalSection(SolutionConfigurationPlatforms) = preSolution
		Debug|Any CPU = Debug|Any CPU
		Release|Any CPU = Release|Any CPU
	EndGlobalSection
	GlobalSection(ProjectConfigurationPlatforms) = postSolution
		{24B142ED-C4FC-4710-AFE5-DF889282AEA2}.Debug|Any CPU.ActiveCfg = Debug|Any CPU
		{24B142ED-C4FC-4710-AFE5-DF889282AEA2}.Debug|Any CPU.Build.0 = Debug|Any CPU
		{24B142ED-C4FC-4710-AFE5-DF889282AEA2}.Release|Any CPU.ActiveCfg = Release|Any CPU
		{24B142ED-C4FC-4710-AFE5-DF889282AEA2}.Release|Any CPU.Build.0 = Release|Any CPU
	EndGlobalSection
	GlobalSection(SolutionProperties) = preSolution
		HideSolutionNode = FALSE
	EndGlobalSection
	GlobalSection(ExtensibilityGlobals) = postSolution
		SolutionGuid = {4696D4B0-3682-464D-912C-DAAB8B90F6FF}
	EndGlobalSection
EndGlobal
